{
  "version": 2,
  "dependencies": {
    "net10.0": {
      "AutoMapper": {
        "type": "Direct",
        "requested": "[16.1.1, )",
        "resolved": "16.1.1",
        "contentHash": "VNEky8JA15ci+oIDRGHITOGOpV4dILsf8pnn24QhDl2urtqgJ2IXiS/V2EtGU17P/+f6OeFQPJETaZXV9QOIZg==",
        "dependencies": {
          "Microsoft.IdentityModel.JsonWebTokens": "8.14.0"
        }
      },
      "Geolocation": {
        "type": "Direct",
        "requested": "[1.2.1, )",
        "resolved": "1.2.1",
        "contentHash": "qvdjGKWydk4hKmyGvIExkpNhJ0qoAk88f+wTsuQ6Bdb6Zl2MJccmQRKF2DLtAuuGSkeF9N99BbO2eKk4F932Mw=="
      },
      "Microsoft.AspNetCore.App.Internal.Assets": {
        "type": "Direct",
        "requested": "[10.0.6, )",
        "resolved": "10.0.6",
        "contentHash": "3jRLKtAXwSCVDX0vUmGTDwcbSmL05jtf5vUHB9QXpw3wDbT0qU0dUJyKAOKgvwW3j0FI+aHHMbKIZCM63SPkOA=="
      },
      "Microsoft.AspNetCore.DataProtection.StackExchangeRedis": {
        "type": "Direct",
        "requested": "[10.0.7, )",
        "resolved": "10.0.7",
        "contentHash": "FRfw0AgR3zp9LQD6pVO2f3Y8VBkQ6QxCVB0B7xQe4u3P0WAjs72py2Z0wZfjSpyIcBFKS/Z/FwP/4qNyAASxzw==",
        "dependencies": {
          "StackExchange.Redis": "2.7.27"
        }
      },
      "Telerik.UI.for.Blazor": {
        "type": "Direct",
        "requested": "[13.2.0, )",
        "resolved": "13.2.0",
        "contentHash": "wHvjAUeoSV+/g9aP040arhdz/C9tiazxB1C4pRL5DYYRgK3ejlccvMoykCPVcf4hMijPDfuy1AIJCequJhXI8A==",
        "dependencies": {
          "Microsoft.Extensions.AI.Abstractions": "9.5.0",
          "Telerik.AI.SmartComponents.Extensions": "2.1.0",
          "Telerik.DataSource": "4.0.1",
          "Telerik.Documents.Spreadsheet": "2026.1.402",
          "Telerik.Documents.Spreadsheet.FormatProviders.Pdf": "2026.1.402",
          "Telerik.Documents.SpreadsheetStreaming": "2026.1.402",
          "Telerik.FontIcons": "4.8.0",
          "Telerik.Licensing": "[1.8.2, 2.0.0)",
          "Telerik.Pivot.Core": "0.1.7",
          "Telerik.Pivot.DataProviders.Xmla": "0.1.8",
          "Telerik.Recurrence": "0.2.7",
          "Telerik.SvgIcons": "4.8.0",
          "Telerik.Zip": "2026.1.402"
        }
      },
      "AspNetCore.HealthChecks.NpgSql": {
        "type": "Transitive",
        "resolved": "9.0.0",
        "contentHash": "npc58/AD5zuVxERdhCl2Kb7WnL37mwX42SJcXIwvmEig0/dugOLg3SIwtfvvh3TnvTwR/sk5LYNkkPaBdks61A==",
        "dependencies": {
          "Npgsql": "8.0.3"
        }
      },
      "AspNetCore.HealthChecks.Redis": {
        "type": "Transitive",
        "resolved": "9.0.0",
        "contentHash": "yNH0h8GLRbAf+PU5HNVLZ5hNeyq9mDVmRKO9xuZsme/znUYoBJlQvI0gq45gaZNlLncCHkMhR4o90MuT+gxxPw==",
        "dependencies": {
          "StackExchange.Redis": "2.7.4"
        }
      },
      "Elastic.Clients.Elasticsearch": {
        "type": "Transitive",
        "resolved": "8.19.4",
        "contentHash": "TIvXyAuTU4xcfDe32vESmVNaTvGWpsdCpqPuuMpvKiUk8OndqNXN2I2Akxy64EEChXsnXawIzhgAP+Ocn4I7cw==",
        "dependencies": {
          "Elastic.Transport": "0.10.1"
        }
      },
      "Elastic.Transport": {
        "type": "Transitive",
        "resolved": "0.10.1",
        "contentHash": "8qUyxd4LzMiR+wtNEzdHHnu+iEpbKfoA001NyYgZZT0YZaNE9fWmFeZMxcTz7HMcYUidZSeT6vvongjZh1j/hQ=="
      },
      "GTFS": {
        "type": "Transitive",
        "resolved": "3.0.0-pre006",
        "contentHash": "HHcO1PCJ1IA4CkCtn5IKViq74KT2Ok5XuaU+5guV8XBqXqT+xRUbtctRXVvzpPM64FTcbt4G5TSzZTif5c54/w=="
      },
      "Microsoft.Extensions.AI": {
        "type": "Transitive",
        "resolved": "9.5.0",
        "contentHash": "RBq/TspXI7UScO5+fHXIrnlDvX8pnvFcHWag3OPPivJgjqmI/RF70dpTPmMIly9dG+z+86kLP2KGkA2UiZ9tVQ==",
        "dependencies": {
          "Microsoft.Extensions.AI.Abstractions": "9.5.0"
        }
      },
      "Microsoft.Extensions.AI.Abstractions": {
        "type": "Transitive",
        "resolved": "9.5.0",
        "contentHash": "Y46j1S4zOPtLAHCUzhHIm1IhCMr7764754bLYupyc1JZcvLNXjUk+VC7H3Bou20S2hHgDJnfox7X/H/3BYEvzA=="
      },
      "Microsoft.Extensions.AmbientMetadata.Application": {
        "type": "Transitive",
        "resolved": "10.5.0",
        "contentHash": "lCJjEDknSYeTXB133DwLNwXYA6q9nzJiJFjQb1KO1n3sS6wHfROm6zqG6y3UthQP5oPnNbE1a7M15LpjSf5yBg=="
      },
      "Microsoft.Extensions.Compliance.Abstractions": {
        "type": "Transitive",
        "resolved": "10.5.0",
        "contentHash": "xbWZji13Vb2jDJNtwVrKpI09jd8x3n3fL+GzhiLK+8O5Wc2A+GyqCZalST2fV46Pf0QfCwkXf83y+3/rDkCd7A=="
      },
      "Microsoft.Extensions.DependencyInjection.AutoActivation": {
        "type": "Transitive",
        "resolved": "10.5.0",
        "contentHash": "vby/PzPScy9pX3r3f5UuHutxSr4Q8SXqyIiH6+JEK7SVpTCL6f8R9mp04OUVsZLlsME2rBjA9PHXf9L9aG7wbg=="
      },
      "Microsoft.Extensions.Diagnostics.ExceptionSummarization": {
        "type": "Transitive",
        "resolved": "10.5.0",
        "contentHash": "+jdC9YUfMkX9/Yb3Pi8Kovt1nFVGGB2UqSHZgLapo63d+WAhYf9KiuNA3jiaaRINhVyCgWuKFoMtjWKET5oXEQ=="
      },
      "Microsoft.Extensions.Http.Diagnostics": {
        "type": "Transitive",
        "resolved": "10.5.0",
        "contentHash": "HoWdJKvBt7vkLlclRbjDTXcCp3s9hwFf1CY4ovlmMKFAbKSI7zKl0fUQ4LMvUI3sHIhpEtMjp7Mxjaf/yEmVvQ==",
        "dependencies": {
          "Microsoft.Extensions.Telemetry": "10.5.0"
        }
      },
      "Microsoft.Extensions.Resilience": {
        "type": "Transitive",
        "resolved": "10.5.0",
        "contentHash": "yjbGQkSqLkP8/lKZLfaUcdkNUpWUqMafCsm56kw9uzznhJb/uJiIRy5/zG9D0SFsBzJkz2AcvWU2J/MJydPxoA==",
        "dependencies": {
          "Microsoft.Extensions.Diagnostics.ExceptionSummarization": "10.5.0",
          "Microsoft.Extensions.Telemetry.Abstractions": "10.5.0",
          "Polly.Extensions": "8.4.2",
          "Polly.RateLimiting": "8.4.2"
        }
      },
      "Microsoft.Extensions.ServiceDiscovery.Abstractions": {
        "type": "Transitive",
        "resolved": "10.5.0",
        "contentHash": "XWr8wCt2wC+HtonJoqZJB4Iwg2alfbDkgqgoBZv2dHcjNirYujEzSPwDexMYVYIMegaOECmMXdwPuyWlcwrODw=="
      },
      "Microsoft.Extensions.Telemetry": {
        "type": "Transitive",
        "resolved": "10.5.0",
        "contentHash": "jI7b9rkfoz06ZEQols6WG3D0iQMIbtRDHkx1F7QvQOSDmzyXLwUIBbJEO8ftr7aD/2tvsHplqycp+WXFvMfujg==",
        "dependencies": {
          "Microsoft.Extensions.AmbientMetadata.Application": "10.5.0",
          "Microsoft.Extensions.DependencyInjection.AutoActivation": "10.5.0",
          "Microsoft.Extensions.Telemetry.Abstractions": "10.5.0"
        }
      },
      "Microsoft.Extensions.Telemetry.Abstractions": {
        "type": "Transitive",
        "resolved": "10.5.0",
        "contentHash": "VmU7e6xHqoubWKl7y9MtWyQAjlDpvbds3gY8ZKMS/1GxY2+U1/aMNnMj09aOXAa3p5qhHSSkBzDJvyokCjVkPg==",
        "dependencies": {
          "Microsoft.Extensions.Compliance.Abstractions": "10.5.0"
        }
      },
      "Microsoft.IdentityModel.Abstractions": {
        "type": "Transitive",
        "resolved": "8.14.0",
        "contentHash": "iwbCpSjD3ehfTwBhtSNEtKPK0ICun6ov7Ibx6ISNA9bfwIyzI2Siwyi9eJFCJBwxowK9xcA1mj+jBWiigeqgcQ=="
      },
      "Microsoft.IdentityModel.JsonWebTokens": {
        "type": "Transitive",
        "resolved": "8.14.0",
        "contentHash": "4jOpiA4THdtpLyMdAb24dtj7+6GmvhOhxf5XHLYWmPKF8ApEnApal1UnJsKO4HxUWRXDA6C4WQVfYyqsRhpNpQ==",
        "dependencies": {
          "Microsoft.IdentityModel.Tokens": "8.14.0"
        }
      },
      "Microsoft.IdentityModel.Logging": {
        "type": "Transitive",
        "resolved": "8.14.0",
        "contentHash": "eqqnemdW38CKZEHS6diA50BV94QICozDZEvSrsvN3SJXUFwVB9gy+/oz76gldP7nZliA16IglXjXTCTdmU/Ejg==",
        "dependencies": {
          "Microsoft.IdentityModel.Abstractions": "8.14.0"
        }
      },
      "Microsoft.IdentityModel.Tokens": {
        "type": "Transitive",
        "resolved": "8.14.0",
        "contentHash": "lKIZiBiGd36k02TCdMHp1KlNWisyIvQxcYJvIkz7P4gSQ9zi8dgh6S5Grj8NNG7HWYIPfQymGyoZ6JB5d1Lo1g==",
        "dependencies": {
          "Microsoft.IdentityModel.Logging": "8.14.0"
        }
      },
      "MinVer": {
        "type": "Transitive",
        "resolved": "6.0.0",
        "contentHash": "+/SsmiySsXJlvQLCGBqaZKNVt3s/Y/HbAdwtop7Km2CnuZbaScoqkWJEBQ5Cy9ebkn6kCYKrHsXgwrFdTgcb3g=="
      },
      "NodaTime": {
        "type": "Transitive",
        "resolved": "3.3.1",
        "contentHash": "7zkTEqmakybTTuDuifpnzl5s8MkmpAdyvoqIPIO2+M2ThF8ixavPcPt1afPfFyCI+A6t3ySujgpGq/5iWc4/RQ=="
      },
      "Npgsql": {
        "type": "Transitive",
        "resolved": "10.0.1",
        "contentHash": "XyUcxEfqlFomhNTG/ZdGlec+uSOQArKz0Mzz8jYKP/Jj9GM2YabU5CVZtp0yiC4f9hRp+tRZTnHMatJeJ3rwgw=="
      },
      "Npgsql.DependencyInjection": {
        "type": "Transitive",
        "resolved": "10.0.1",
        "contentHash": "YHFa4vD27sNIfv6s5q8Zi1fLvKfmK1xcpMv0PUvXOxDFbRmuMRSHwpZTbPvsAlj97q1/o7DfyynLqfqrCm1VnA==",
        "dependencies": {
          "Npgsql": "10.0.1"
        }
      },
      "Npgsql.OpenTelemetry": {
        "type": "Transitive",
        "resolved": "10.0.1",
        "contentHash": "G9fEIBaHggZXWfDSDnKLc0XwKcbuU6i2eXp7zDqpgYxbhCmIN9fRgaSOGyyMNHSo/yY1IB4G4CjW5VO/SKRR0g==",
        "dependencies": {
          "Npgsql": "10.0.1",
          "OpenTelemetry.API": "1.14.0"
        }
      },
      "OpenTelemetry": {
        "type": "Transitive",
        "resolved": "1.15.3",
        "contentHash": "N0i6WjPoHPbZyms1ugbDIFAJFuGlpeExJMU/+XSL0lQRUkg/D0utFkDoLXf8Z1km5B+xVZ2GyMXXiX8qdeNmPg==",
        "dependencies": {
          "OpenTelemetry.Api.ProviderBuilderExtensions": "1.15.3"
        }
      },
      "OpenTelemetry.Api": {
        "type": "Transitive",
        "resolved": "1.15.3",
        "contentHash": "fX+fkCysfPut+qCcT3bKqyX4QN9Saf4CgX8HLOHywEVD+Xr7sULtfuypITpoDysjx8R59dn/3mWhgimMH8cm/g=="
      },
      "OpenTelemetry.Api.ProviderBuilderExtensions": {
        "type": "Transitive",
        "resolved": "1.15.3",
        "contentHash": "SYn0lqYDwLMWhv/zlNGsQcl2yX++yTumanX46bmOZE/ZDOd1WjPBO2kZaZgKLEZTZk48pavIFGJ6vOvxXgWVFQ==",
        "dependencies": {
          "OpenTelemetry.Api": "1.15.3"
        }
      },
      "Pipelines.Sockets.Unofficial": {
        "type": "Transitive",
        "resolved": "2.2.8",
        "contentHash": "zG2FApP5zxSx6OcdJQLbZDk2AVlN2BNQD6MorwIfV6gVj0RRxWPEp2LXAxqDGZqeNV1Zp0BNPcNaey/GXmTdvQ=="
      },
      "Polly.Core": {
        "type": "Transitive",
        "resolved": "8.4.2",
        "contentHash": "BpE2I6HBYYA5tF0Vn4eoQOGYTYIK1BlF5EXVgkWGn3mqUUjbXAr13J6fZVbp7Q3epRR8yshacBMlsHMhpOiV3g=="
      },
      "Polly.Extensions": {
        "type": "Transitive",
        "resolved": "8.4.2",
        "contentHash": "GZ9vRVmR0jV2JtZavt+pGUsQ1O1cuRKG7R7VOZI6ZDy9y6RNPvRvXK1tuS4ffUrv8L0FTea59oEuQzgS0R7zSA==",
        "dependencies": {
          "Polly.Core": "8.4.2"
        }
      },
      "Polly.RateLimiting": {
        "type": "Transitive",
        "resolved": "8.4.2",
        "contentHash": "ehTImQ/eUyO07VYW2WvwSmU9rRH200SKJ/3jku9rOkyWE0A2JxNFmAVms8dSn49QLSjmjFRRSgfNyOgr/2PSmA==",
        "dependencies": {
          "Polly.Core": "8.4.2"
        }
      },
      "StackExchange.Redis": {
        "type": "Transitive",
        "resolved": "2.11.0",
        "contentHash": "tCYDmkaCpEc48MZHh/FgQKavX/kqjpBAIyEFxeO9LTuHRV0flJndXcKpfbgUKahKuk/OI6TEXM6NwKu0gi6xjQ==",
        "dependencies": {
          "Pipelines.Sockets.Unofficial": "2.2.8",
          "System.IO.Hashing": "10.0.2"
        }
      },
      "System.IO.Hashing": {
        "type": "Transitive",
        "resolved": "10.0.3",
        "contentHash": "La6ICwsdTKhVX+LKN+pvFjQRR3LhLwq3uKdi2knjLzRyPYBSydF4cjXidYxIiTcDD6XVYdsBWQEI8ZxiZ/OdIg=="
      },
      "System.Security.Cryptography.Pkcs": {
        "type": "Transitive",
        "resolved": "9.0.9",
        "contentHash": "Y7/wY5lqrzJOu53yLFLPGaeKBcdWNw193udOFRB2joFDVpXLkmfPpfgks7dEIJYPIrW4k3onwR+4nQz6vIaaqA=="
      },
      "Telerik.AI.SmartComponents.Extensions": {
        "type": "Transitive",
        "resolved": "2.1.0",
        "contentHash": "yuOYXSkQ3orgryqYki0kodCpkRCFqjxybWI4VG4YTeFN+uWOhkX8g1z8yncYzXQhwBKhVjrhHI16g0VV9zpUdQ==",
        "dependencies": {
          "Microsoft.Extensions.AI": "9.5.0"
        }
      },
      "Telerik.DataSource": {
        "type": "Transitive",
        "resolved": "4.0.1",
        "contentHash": "YhQc+uVcLYViURMzZClABE1T6FfOdJUjT6/Bc24OcHbmQSzaXTXN77q5fhPpvERXA4kJyLnzEfLR8I8nzrg/ZQ=="
      },
      "Telerik.Documents.Core": {
        "type": "Transitive",
        "resolved": "2026.1.402",
        "contentHash": "bpku6ZjPq0wRlzAXtFWQy/sUaTar4I5LRCnZvwG43afdgGyvJhwYhq6UKCsEyZUQjFqIhxmuLxiHK3kKpGbDLg==",
        "dependencies": {
          "Telerik.Licensing": "[1.8.2, 2.0.0)"
        }
      },
      "Telerik.Documents.Fixed": {
        "type": "Transitive",
        "resolved": "2026.1.402",
        "contentHash": "6dBxBW1RJOfCYxzpHkJ+ofoNfGXZAGgKyhDLX/59p2q75tjJFf/AJ4lXklkv38uznV2hwP6DC9hpEBhpRxsuvA==",
        "dependencies": {
          "System.Security.Cryptography.Pkcs": "9.0.9",
          "Telerik.Documents.Core": "[2026.1.402]",
          "Telerik.Licensing": "[1.8.2, 2.0.0)"
        }
      },
      "Telerik.Documents.Spreadsheet": {
        "type": "Transitive",
        "resolved": "2026.1.402",
        "contentHash": "A2trfHlLeCiL7xLsViIuzUKNDtpGNbGwikE7vPuia4J9qTcrc0uLpKE5JUkRrdF4k2OCi+FsWUYQOVCuqKc15A==",
        "dependencies": {
          "Telerik.Documents.Core": "[2026.1.402]",
          "Telerik.Licensing": "[1.8.2, 2.0.0)"
        }
      },
      "Telerik.Documents.Spreadsheet.FormatProviders.Pdf": {
        "type": "Transitive",
        "resolved": "2026.1.402",
        "contentHash": "hjOIdHeOcbrAGsN2m6OqcC8c64mO1D3Crd2nzPJ6VZ42Xq6+DCxVJmPB9H1MxC8vk1zaR1EmnmahhihvBH9eJg==",
        "dependencies": {
          "Telerik.Documents.Core": "[2026.1.402]",
          "Telerik.Documents.Fixed": "[2026.1.402]",
          "Telerik.Documents.Spreadsheet": "[2026.1.402]",
          "Telerik.Licensing": "[1.8.2, 2.0.0)"
        }
      },
      "Telerik.Documents.SpreadsheetStreaming": {
        "type": "Transitive",
        "resolved": "2026.1.402",
        "contentHash": "7Jp+vNaXz3LE+jjJEuTqghJimtFF/vSDoqdg6eD7GIq9etZQyESEMlpvy5hxfDjxDBPBAXlK/zVPYXirVfuY1A==",
        "dependencies": {
          "Telerik.Licensing": "[1.8.2, 2.0.0)"
        }
      },
      "Telerik.FontIcons": {
        "type": "Transitive",
        "resolved": "4.8.0",
        "contentHash": "p3sBv3NgyeMwASBzWaTLTFnAaTq24nKXz6ofBC9geqB8r6t6AafIQl3D4T8dtAcB2xqvfTTjAdQIb+sx060BrA=="
      },
      "Telerik.Licensing": {
        "type": "Transitive",
        "resolved": "1.8.2",
        "contentHash": "+LEIcXj33e2eyzxAErLejUFI2OuKOCFt4GyGfusf+EH7/YITmBU0381eJVwKyF3ZGux9OSzzmu1oaUPG/NYhLQ=="
      },
      "Telerik.Pivot.Core": {
        "type": "Transitive",
        "resolved": "0.1.7",
        "contentHash": "4LiDUL1GjhaMvt8AfSMgVOMmrh1G7lli0AXuw7e3qTsXFYDBvPSYSPDk0F4Vokd6EPNfizdplrgO5talWqI5Bw=="
      },
      "Telerik.Pivot.DataProviders.Xmla": {
        "type": "Transitive",
        "resolved": "0.1.8",
        "contentHash": "X0uhDnLT3cHt5dN4OEKhqW2hvsBA4LQkWxtfsVIaXfWCWzfHmDyluRJ7p2Z3rSeqU22lyVE0nfQdmpo5UYL9/Q==",
        "dependencies": {
          "Telerik.Pivot.Core": "0.1.7"
        }
      },
      "Telerik.Recurrence": {
        "type": "Transitive",
        "resolved": "0.2.7",
        "contentHash": "RZNtBRKtd2V8VU7oxO+39doBwXKD+W3KZ15j40PEB9R3lzkOpbYk6dWPAFv5d+dV2MAt4J7wUcpe2Ql9DPjeVA=="
      },
      "Telerik.SvgIcons": {
        "type": "Transitive",
        "resolved": "4.8.0",
        "contentHash": "CAWiJd6SB+AECyfL7bGjDpzxgoElt6gqEf7aDpUzi8KIgrqvQhum0y9lZa1ez7VtcdzLl6fMgpjTAy8Y9Wapjg=="
      },
      "Telerik.Zip": {
        "type": "Transitive",
        "resolved": "2026.1.402",
        "contentHash": "4NWtJNjUZ4z20BPotonuRUo7BhAuwFbat0+GoGvN9OuS2s2fA8DN1SFhnutcaQFRg2L9mJotDXqYCO6N8yJvVQ==",
        "dependencies": {
          "Telerik.Licensing": "[1.8.2, 2.0.0)"
        }
      },
      "tramtimes.aspire.services": {
        "type": "Project",
        "dependencies": {
          "Microsoft.Extensions.Http.Resilience": "[10.5.0, )",
          "Microsoft.Extensions.ServiceDiscovery": "[10.5.0, )",
          "OpenTelemetry.Exporter.OpenTelemetryProtocol": "[1.15.3, )",
          "OpenTelemetry.Extensions.Hosting": "[1.15.3, )",
          "OpenTelemetry.Instrumentation.AspNetCore": "[1.15.2, )",
          "OpenTelemetry.Instrumentation.Http": "[1.15.1, )",
          "OpenTelemetry.Instrumentation.Runtime": "[1.15.1, )"
        }
      },
      "tramtimes.web.utilities": {
        "type": "Project",
        "dependencies": {
          "Aspire.Elastic.Clients.Elasticsearch": "[13.2.0, )",
          "Aspire.Npgsql": "[13.2.3, )",
          "Aspire.StackExchange.Redis": "[13.2.3, )",
          "JetBrains.Annotations": "[2025.2.4, )",
          "NextDepartures.Standard": "[4.0.2, )",
          "NextDepartures.Storage.Postgres.Aspire": "[4.0.2, )"
        }
      },
      "Aspire.Elastic.Clients.Elasticsearch": {
        "type": "CentralTransitive",
        "requested": "[13.2.0, )",
        "resolved": "13.2.0",
        "contentHash": "RvqKmOVlrVtvRkG76elskF8fDZh5aw5aYMvhpm2RbiziEFVAMEscKg8tdJSQpq5Oj65dhSv6r+mpY0JDKoSLlw==",
        "dependencies": {
          "Elastic.Clients.Elasticsearch": "8.19.4",
          "MinVer": "6.0.0",
          "OpenTelemetry.Extensions.Hosting": "1.12.0"
        }
      },
      "Aspire.Npgsql": {
        "type": "CentralTransitive",
        "requested": "[13.2.3, )",
        "resolved": "13.2.3",
        "contentHash": "Y2wVtU3KDqZ3Z31QZLu8K/6xmFpIVItn4Azj38aYLzeym8cauhZO2jo1gCGYiDNiWQaIxmRRxgdKOag4Czro+w==",
        "dependencies": {
          "AspNetCore.HealthChecks.NpgSql": "9.0.0",
          "Npgsql.DependencyInjection": "10.0.1",
          "Npgsql.OpenTelemetry": "10.0.1",
          "OpenTelemetry.Extensions.Hosting": "1.15.0"
        }
      },
      "Aspire.StackExchange.Redis": {
        "type": "CentralTransitive",
        "requested": "[13.2.3, )",
        "resolved": "13.2.3",
        "contentHash": "ZBfP8yv6/9VbrRad2j0xtbXPB2RzpOgToQQKuhOqvPhwRppZ8/YlqkTOb4uWqNHl9U3+MkeWL2OkJ3Tn5kD6Zw==",
        "dependencies": {
          "AspNetCore.HealthChecks.Redis": "9.0.0",
          "Microsoft.Extensions.DependencyInjection.AutoActivation": "10.2.0",
          "OpenTelemetry.Extensions.Hosting": "1.15.0",
          "StackExchange.Redis": "2.11.0",
          "System.IO.Hashing": "10.0.3"
        }
      },
      "JetBrains.Annotations": {
        "type": "CentralTransitive",
        "requested": "[2025.2.4, )",
        "resolved": "2025.2.4",
        "contentHash": "TwbgxAkXxY+vNEhNVx/QXjJ4vqxmepOjsgRvvImQPbHkHMMb4W+ahL3laMsxXKtNT7iMy+E1B3xkqao2hf1n3A=="
      },
      "Microsoft.Extensions.Http.Resilience": {
        "type": "CentralTransitive",
        "requested": "[10.5.0, )",
        "resolved": "10.5.0",
        "contentHash": "81rw+wjFFP5jREOERb1PHIPvBNFtE6NXO8bsLTSCET2UZWxj7cwrpzcI3l07tOpHEprYmruZAF3kZEar7uG4Iw==",
        "dependencies": {
          "Microsoft.Extensions.Http.Diagnostics": "10.5.0",
          "Microsoft.Extensions.Resilience": "10.5.0"
        }
      },
      "Microsoft.Extensions.ServiceDiscovery": {
        "type": "CentralTransitive",
        "requested": "[10.5.0, )",
        "resolved": "10.5.0",
        "contentHash": "M7w+KSTX72nEHuizITgUAD7SZwDdiLTw+tpUvR5iKifuhYJPctghzjDJevkz2OQ6vNGvUuJEfReUpS9DU8kBpA==",
        "dependencies": {
          "Microsoft.Extensions.ServiceDiscovery.Abstractions": "10.5.0"
        }
      },
      "NextDepartures.Standard": {
        "type": "CentralTransitive",
        "requested": "[4.0.2, )",
        "resolved": "4.0.2",
        "contentHash": "BGcmHET0U47ftrTycsyXw0TSJaVcp36YNQS82uOnRRIBs7eu6uUGtgxj+blRHAO3Q8Rd9ouXtWyNcGHzBaDV4g==",
        "dependencies": {
          "GTFS": "3.0.0-pre006",
          "JetBrains.Annotations": "2025.2.4",
          "NodaTime": "3.3.1"
        }
      },
      "NextDepartures.Storage.Postgres.Aspire": {
        "type": "CentralTransitive",
        "requested": "[4.0.2, )",
        "resolved": "4.0.2",
        "contentHash": "fJlUwU7fKipZpeveaGInRhDWXAfrxaYjceo882wbAtjOyeI6N3HBk/GKBJfEYqcXiZ07DMKthKvktD9OWqHmCw==",
        "dependencies": {
          "Aspire.Npgsql": "13.2.2",
          "NextDepartures.Standard": "4.0.2"
        }
      },
      "OpenTelemetry.Exporter.OpenTelemetryProtocol": {
        "type": "CentralTransitive",
        "requested": "[1.15.3, )",
        "resolved": "1.15.3",
        "contentHash": "FEXJepcseTGbATiCkUfP7ipoFEYYfl/0UmmUwi0KxCPg9PaUA8ab2P1LGopK+/HExasJ1ZutFhZrN6WvUIR23g==",
        "dependencies": {
          "OpenTelemetry": "1.15.3"
        }
      },
      "OpenTelemetry.Extensions.Hosting": {
        "type": "CentralTransitive",
        "requested": "[1.15.3, )",
        "resolved": "1.15.3",
        "contentHash": "u8n/W8yIlqv0BXZmvId1iVaeWXG42tGKdTkuLYg5g57Y/r9CeUNzqtrSHNdG5IoO8iPX79w3v+WsbAHgUQbfeg==",
        "dependencies": {
          "OpenTelemetry": "1.15.3"
        }
      },
      "OpenTelemetry.Instrumentation.AspNetCore": {
        "type": "CentralTransitive",
        "requested": "[1.15.2, )",
        "resolved": "1.15.2",
        "contentHash": "2nPd7r0ug/gd6/CNFL6Rlu+RSQ9WYGSGHAYQ1ssbSqyzKJpqTunfx2I/1O0WB5k+L0cyXbG4XVZpoSoUc3M7wg==",
        "dependencies": {
          "OpenTelemetry.Api.ProviderBuilderExtensions": "[1.15.3, 2.0.0)"
        }
      },
      "OpenTelemetry.Instrumentation.Http": {
        "type": "CentralTransitive",
        "requested": "[1.15.1, )",
        "resolved": "1.15.1",
        "contentHash": "vFO4Fj/dXkoVNGo/nhoGpO2zYQmZwr4jTID7oRGo+XlQ8LqksyZjUXQ4p39RfUvTID7IzzL8Qe71tW7CcAFymA==",
        "dependencies": {
          "OpenTelemetry.Api.ProviderBuilderExtensions": "[1.15.3, 2.0.0)"
        }
      },
      "OpenTelemetry.Instrumentation.Runtime": {
        "type": "CentralTransitive",
        "requested": "[1.15.1, )",
        "resolved": "1.15.1",
        "contentHash": "cpPwlUT5HXcLGPaIgsbSy0W9eFYAPGVbTP1p8/uyQ4Osvf5BJuPpEXE7crL09SmEd44r0DGNKDtsqxaAz0HxQw==",
        "dependencies": {
          "OpenTelemetry.Api": "[1.15.3, 2.0.0)"
        }
      }
    }
  }
}