{
  "version": 2,
  "dependencies": {
    "net10.0": {
      "Aspire.Azure.Data.Tables": {
        "type": "Direct",
        "requested": "[13.1.0, )",
        "resolved": "13.1.0",
        "contentHash": "/xgkac8R2XlnPSnoY2DJ4dHzRZXrkJcioUn+/LH9M8/8fmSDh7DdVepoS6EQllcQ2HI+6fHlZfNirevGohk2MQ==",
        "dependencies": {
          "AspNetCore.HealthChecks.Azure.Data.Tables": "9.0.0",
          "Azure.Core": "1.50.0",
          "Azure.Data.Tables": "12.11.0",
          "Azure.Identity": "1.17.0",
          "Microsoft.Extensions.Azure": "1.13.0",
          "OpenTelemetry.Extensions.Hosting": "1.14.0"
        }
      },
      "Aspire.Azure.Storage.Blobs": {
        "type": "Direct",
        "requested": "[13.1.0, )",
        "resolved": "13.1.0",
        "contentHash": "8bMLNn0XZBHwXTAhucXy9iB7VGmtGt1DINjjIQea+1sCnml4lieAVQcy9yUL50GKUbA98vjIzUrZQVIUOqE8zg==",
        "dependencies": {
          "AspNetCore.HealthChecks.Azure.Storage.Blobs": "9.0.0",
          "Azure.Core": "1.50.0",
          "Azure.Identity": "1.17.0",
          "Azure.Storage.Blobs": "12.26.0",
          "Microsoft.Extensions.Azure": "1.13.0",
          "OpenTelemetry.Extensions.Hosting": "1.14.0",
          "System.IO.Hashing": "9.0.10"
        }
      },
      "Aspire.Azure.Storage.Queues": {
        "type": "Direct",
        "requested": "[13.1.0, )",
        "resolved": "13.1.0",
        "contentHash": "BBARRv+VztxjSEVwj0eEeREPd42eVZHc5AQaVnYtLj6ALxXnEhUcIu2nZn5x0zcDEcOs6/ACGI7rs3oIlD+kaA==",
        "dependencies": {
          "AspNetCore.HealthChecks.Azure.Storage.Queues": "9.0.0",
          "Azure.Core": "1.50.0",
          "Azure.Identity": "1.17.0",
          "Azure.Storage.Queues": "12.24.0",
          "Microsoft.Extensions.Azure": "1.13.0",
          "OpenTelemetry.Extensions.Hosting": "1.14.0",
          "System.IO.Hashing": "9.0.10"
        }
      },
      "Aspire.Elastic.Clients.Elasticsearch": {
        "type": "Direct",
        "requested": "[13.1.0, )",
        "resolved": "13.1.0",
        "contentHash": "2D+upnYgcg9wUL10Kr3fzWPCbjvYLfeG0vWNKgZPtIWeFKbe3dRjaXf3ZBReAl+Oayjah7deum5rn5jha/M4yA==",
        "dependencies": {
          "Elastic.Clients.Elasticsearch": "8.19.4",
          "MinVer": "6.0.0",
          "OpenTelemetry.Extensions.Hosting": "1.12.0"
        }
      },
      "Aspire.Npgsql": {
        "type": "Direct",
        "requested": "[13.1.0, )",
        "resolved": "13.1.0",
        "contentHash": "TaxFv4W11jqDoA8KHzJsaQ5PlAOHQfYCv0PqOt2nn6rPlcT+KZuzBSnAVlKQ1M5+nW2T9D+Zdi9vhXvPVz2R/w==",
        "dependencies": {
          "AspNetCore.HealthChecks.NpgSql": "9.0.0",
          "Npgsql.DependencyInjection": "10.0.0",
          "Npgsql.OpenTelemetry": "10.0.0",
          "OpenTelemetry.Extensions.Hosting": "1.14.0"
        }
      },
      "Aspire.StackExchange.Redis": {
        "type": "Direct",
        "requested": "[13.1.0, )",
        "resolved": "13.1.0",
        "contentHash": "//ovDYL0ehoVho+omWveScCrjkEOkzDxITXWqKfyF+02cpEj+u1kMLWr/0+huUzCbdS2RVZreNDHOXGlc2XGLg==",
        "dependencies": {
          "AspNetCore.HealthChecks.Redis": "9.0.0",
          "Microsoft.Extensions.DependencyInjection.AutoActivation": "10.1.0",
          "OpenTelemetry.Extensions.Hosting": "1.14.0",
          "StackExchange.Redis": "2.9.32"
        }
      },
      "AutoMapper": {
        "type": "Direct",
        "requested": "[14.0.0, 15.0.0)",
        "resolved": "14.0.0",
        "contentHash": "OC+1neAPM4oCCqQj3g2GJ2shziNNhOkxmNB9cVS8jtx4JbgmRzLcUOxB9Tsz6cVPHugdkHgCaCrTjjSI0Z5sCQ=="
      },
      "Microsoft.AspNetCore.OpenApi": {
        "type": "Direct",
        "requested": "[10.0.3, )",
        "resolved": "10.0.3",
        "contentHash": "SAvSrKDgnY5GDjDAngOXxPhUvEKlTU/0zIq8zidqHvh/xnZBPs0Vc4LqwyvnmnafNnyUaivtRABz4K4wodXfSg==",
        "dependencies": {
          "Microsoft.OpenApi": "2.0.0"
        }
      },
      "NextDepartures.Standard": {
        "type": "Direct",
        "requested": "[3.9.3, )",
        "resolved": "3.9.3",
        "contentHash": "E8j3F3T+1ADrWeefdQ2hpcWlhphEpAUTshFGbBFr/uZNZ3VcyJ6CjuKt2za4XfSBVsGnMyiVhHa3J55hNcR2fA==",
        "dependencies": {
          "GTFS": "3.0.0-pre006",
          "JetBrains.Annotations": "2025.2.4",
          "NodaTime": "3.2.3"
        }
      },
      "NextDepartures.Storage.Postgres.Aspire": {
        "type": "Direct",
        "requested": "[3.9.3, )",
        "resolved": "3.9.3",
        "contentHash": "mNAKwY0QpuEKdnUzuhQRSMGh7nMkxaIdSYvE7jOQz/fOlVWndWhbIA/H1U3mr4lsYQT3ToZYT783ytD6KCbBkA==",
        "dependencies": {
          "Aspire.Npgsql": "13.1.0",
          "NextDepartures.Standard": "3.9.3"
        }
      },
      "Swashbuckle.AspNetCore": {
        "type": "Direct",
        "requested": "[10.1.2, )",
        "resolved": "10.1.2",
        "contentHash": "txDJi7w/didFl/kIlTaA+FfzaJvZaXXZMejfxhJRK/CZdG8PrJcW1xquUuyLN0zNTpU5K0mm0U19B0/P5xiNOA==",
        "dependencies": {
          "Microsoft.Extensions.ApiDescription.Server": "10.0.0",
          "Swashbuckle.AspNetCore.Swagger": "10.1.2",
          "Swashbuckle.AspNetCore.SwaggerGen": "10.1.2",
          "Swashbuckle.AspNetCore.SwaggerUI": "10.1.2"
        }
      },
      "AspNetCore.HealthChecks.Azure.Data.Tables": {
        "type": "Transitive",
        "resolved": "9.0.0",
        "contentHash": "WXDZvJ6C6Y1TQ9zPw9ehWwthIsfJwUQiHJ8ZssfyjXvywnA3gGXoLKwicpx5wDPcyePXKJomiyDek5u8bXQWAQ==",
        "dependencies": {
          "Azure.Data.Tables": "12.8.2"
        }
      },
      "AspNetCore.HealthChecks.Azure.Storage.Blobs": {
        "type": "Transitive",
        "resolved": "9.0.0",
        "contentHash": "fORaHfhyerL+7Tu4lTyj5CBHEMPYdH0LS1bm9N2Wd/K4mgd/zzg+iXLFBYTNTbF+hLYpVNZyO2Tx/wU0/s4KqQ==",
        "dependencies": {
          "Azure.Storage.Blobs": "12.19.1"
        }
      },
      "AspNetCore.HealthChecks.Azure.Storage.Queues": {
        "type": "Transitive",
        "resolved": "9.0.0",
        "contentHash": "ne+XNpiO2yVH9g6x5B1SJBMzNz8JR0YRiBvJR9qGdpTsHtcTY8GhmA9+mznQ+nTLgUQNvEbr6Xj8Ha9zjW0QDQ==",
        "dependencies": {
          "Azure.Storage.Queues": "12.17.1"
        }
      },
      "AspNetCore.HealthChecks.NpgSql": {
        "type": "Transitive",
        "resolved": "9.0.0",
        "contentHash": "npc58/AD5zuVxERdhCl2Kb7WnL37mwX42SJcXIwvmEig0/dugOLg3SIwtfvvh3TnvTwR/sk5LYNkkPaBdks61A==",
        "dependencies": {
          "Npgsql": "8.0.3"
        }
      },
      "AspNetCore.HealthChecks.Redis": {
        "type": "Transitive",
        "resolved": "9.0.0",
        "contentHash": "yNH0h8GLRbAf+PU5HNVLZ5hNeyq9mDVmRKO9xuZsme/znUYoBJlQvI0gq45gaZNlLncCHkMhR4o90MuT+gxxPw==",
        "dependencies": {
          "StackExchange.Redis": "2.7.4"
        }
      },
      "Azure.Core": {
        "type": "Transitive",
        "resolved": "1.50.0",
        "contentHash": "GBNKZEhdIbTXxedvD3R7I/yDVFX9jJJEz02kCziFSJxspSQ5RMHc3GktulJ1s7+ffXaXD7kMgrtdQTaggyInLw==",
        "dependencies": {
          "Microsoft.Bcl.AsyncInterfaces": "8.0.0",
          "System.ClientModel": "1.8.0",
          "System.Memory.Data": "8.0.1"
        }
      },
      "Azure.Data.Tables": {
        "type": "Transitive",
        "resolved": "12.11.0",
        "contentHash": "MabH2HegMvZA1ocaMhEfW/idyTa3CoH64s43/V9/KFRGdVqEj0EETvd3ItDe6Bbs2teiR40KE9Kz9NLDc5DJJw==",
        "dependencies": {
          "Azure.Core": "1.44.1"
        }
      },
      "Azure.Identity": {
        "type": "Transitive",
        "resolved": "1.17.0",
        "contentHash": "QZiMa1O5lTniWTSDPyPVdBKOS0/M5DWXTfQ2xLOot96yp8Q5A69iScGtzCIxfbg/4bmp/TynibZ2VK1v3qsSNA==",
        "dependencies": {
          "Azure.Core": "1.49.0",
          "Microsoft.Identity.Client": "4.76.0",
          "Microsoft.Identity.Client.Extensions.Msal": "4.76.0"
        }
      },
      "Azure.Storage.Blobs": {
        "type": "Transitive",
        "resolved": "12.26.0",
        "contentHash": "EBRSHmI0eNzdufcIS1Rf7Ez9M8V1Jl7pMV4UWDERDMCv513KtAVsgz2ez2FQP9Qnwg7uEQrP+Uc7vBtumlr7sQ==",
        "dependencies": {
          "Azure.Core": "1.47.3",
          "Azure.Storage.Common": "12.25.0"
        }
      },
      "Azure.Storage.Common": {
        "type": "Transitive",
        "resolved": "12.25.0",
        "contentHash": "MHGWp4aLHRo0BdLj25U2qYdYK//Zz21k4bs3SVyNQEmJbBl3qZ8GuOmTSXJ+Zad93HnFXfvD8kyMr0gjA8Ftpw==",
        "dependencies": {
          "Azure.Core": "1.47.3",
          "System.IO.Hashing": "8.0.0"
        }
      },
      "Azure.Storage.Queues": {
        "type": "Transitive",
        "resolved": "12.24.0",
        "contentHash": "YSR051EMu421JZNCOyOB2JpVyA4bSW8CnbTYmYlwxsYIUJuwiMy2toSXIoq9RKG9PuBtnT5dS9M6QCYNGaswAw==",
        "dependencies": {
          "Azure.Core": "1.47.3",
          "Azure.Storage.Common": "12.25.0"
        }
      },
      "Elastic.Clients.Elasticsearch": {
        "type": "Transitive",
        "resolved": "8.19.4",
        "contentHash": "TIvXyAuTU4xcfDe32vESmVNaTvGWpsdCpqPuuMpvKiUk8OndqNXN2I2Akxy64EEChXsnXawIzhgAP+Ocn4I7cw==",
        "dependencies": {
          "Elastic.Transport": "0.10.1"
        }
      },
      "Elastic.Transport": {
        "type": "Transitive",
        "resolved": "0.10.1",
        "contentHash": "8qUyxd4LzMiR+wtNEzdHHnu+iEpbKfoA001NyYgZZT0YZaNE9fWmFeZMxcTz7HMcYUidZSeT6vvongjZh1j/hQ=="
      },
      "GTFS": {
        "type": "Transitive",
        "resolved": "3.0.0-pre006",
        "contentHash": "HHcO1PCJ1IA4CkCtn5IKViq74KT2Ok5XuaU+5guV8XBqXqT+xRUbtctRXVvzpPM64FTcbt4G5TSzZTif5c54/w=="
      },
      "Microsoft.Bcl.AsyncInterfaces": {
        "type": "Transitive",
        "resolved": "8.0.0",
        "contentHash": "3WA9q9yVqJp222P3x1wYIGDAkpjAku0TMUaaQV22g6L67AI0LdOIrVS7Ht2vJfLHGSPVuqN94vIr15qn+HEkHw=="
      },
      "Microsoft.Extensions.AmbientMetadata.Application": {
        "type": "Transitive",
        "resolved": "10.3.0",
        "contentHash": "Oh/FQJrTZqiqZuFktqDCwLFgxIUnNATZx46AwUTf5A/+FmK/TzPf/iwSqMK85QlioLD9ehOxWe0NBfsCSkp5pw=="
      },
      "Microsoft.Extensions.ApiDescription.Server": {
        "type": "Transitive",
        "resolved": "10.0.0",
        "contentHash": "NCWCGiwRwje8773yzPQhvucYnnfeR+ZoB1VRIrIMp4uaeUNw7jvEPHij3HIbwCDuNCrNcphA00KSAR9yD9qmbg=="
      },
      "Microsoft.Extensions.Azure": {
        "type": "Transitive",
        "resolved": "1.13.0",
        "contentHash": "nSQlQ1wWP0VTeHRhoTLUS/fk9mHidGWK3J/hvj7GNx1h6atn3IKTCmO08HPG6xtitVQhfxXpZenBSlofHSA5kA==",
        "dependencies": {
          "Azure.Core": "1.47.3",
          "Azure.Identity": "1.16.0"
        }
      },
      "Microsoft.Extensions.Compliance.Abstractions": {
        "type": "Transitive",
        "resolved": "10.3.0",
        "contentHash": "b3gmxtyX0n8bQFuZ679f8QiOWqjeZKFc6XXPUsYNFzMcWi0Q44Ej3pB41N/QQ0maX380kmOMF36bLSBHNThXAg=="
      },
      "Microsoft.Extensions.DependencyInjection.AutoActivation": {
        "type": "Transitive",
        "resolved": "10.3.0",
        "contentHash": "g6/S5rhP1XNBqeDa9zKXri/uDKe6gjzSqGsocuySb1OdVm8fz/M9YcWTJsCw5RHF8xIb/B3NgsfBPQF9Emjk3Q=="
      },
      "Microsoft.Extensions.Diagnostics.ExceptionSummarization": {
        "type": "Transitive",
        "resolved": "10.3.0",
        "contentHash": "TZAZsAFThNQDqCnWaGxV/X7OPSA7b+kY7wNTPNvPvSWa0jcTbmGVyzIY/feF4OgyAUUdzSnnLW6ri2Q+4keM4A=="
      },
      "Microsoft.Extensions.Http.Diagnostics": {
        "type": "Transitive",
        "resolved": "10.3.0",
        "contentHash": "/xuNWNxI4WLVatiTvaqfLd5ijFhQ/qvE14bOyWxeEWmXJkjh/g2G/5TdzMfoe0afq16OdWLGbrD9gWHo178hbg==",
        "dependencies": {
          "Microsoft.Extensions.Telemetry": "10.3.0"
        }
      },
      "Microsoft.Extensions.Resilience": {
        "type": "Transitive",
        "resolved": "10.3.0",
        "contentHash": "xc0dZuPkBaVIdMlODDppmNY/dxE27wIQ46gTzStoFXO4/yVcOMKlPmtr9vTP4edyXBRizGxPtcAFmqxZ5gPTkQ==",
        "dependencies": {
          "Microsoft.Extensions.Diagnostics.ExceptionSummarization": "10.3.0",
          "Microsoft.Extensions.Telemetry.Abstractions": "10.3.0",
          "Polly.Extensions": "8.4.2",
          "Polly.RateLimiting": "8.4.2"
        }
      },
      "Microsoft.Extensions.ServiceDiscovery.Abstractions": {
        "type": "Transitive",
        "resolved": "10.3.0",
        "contentHash": "2j3SdFGgqFQFP6xQpkbqxt9SdzsT4/FK47RQ7MoCAZnKZiZEDuLDq9PfKLqON8HbGc09jHZ02x0tHIjleVab2A=="
      },
      "Microsoft.Extensions.Telemetry": {
        "type": "Transitive",
        "resolved": "10.3.0",
        "contentHash": "M1esrIGmwU2JBY0JpwdlUTXTNBXSBFEs+41bYBd59+9/vCaXw+vGhtYcCL+JXeGmxTLUHmuXcKbX/uVCSFcuzA==",
        "dependencies": {
          "Microsoft.Extensions.AmbientMetadata.Application": "10.3.0",
          "Microsoft.Extensions.DependencyInjection.AutoActivation": "10.3.0",
          "Microsoft.Extensions.Telemetry.Abstractions": "10.3.0"
        }
      },
      "Microsoft.Extensions.Telemetry.Abstractions": {
        "type": "Transitive",
        "resolved": "10.3.0",
        "contentHash": "aKxH6ZsGAewGF8uSXyx1WkjqItwZA+hd1hhQ/4i7o5injCWSdr9vIZ3R3djJfy8OG3xaWK+LZY/+slVvlnwEHw==",
        "dependencies": {
          "Microsoft.Extensions.Compliance.Abstractions": "10.3.0"
        }
      },
      "Microsoft.Identity.Client": {
        "type": "Transitive",
        "resolved": "4.76.0",
        "contentHash": "j2FtmljuCveDJ7umBVYm6Bx3iVGA71U07Dc7byGr2Hrj7XlByZSknruCBUeYN3V75nn1VEhXegxE0MerxvxrXQ==",
        "dependencies": {
          "Microsoft.IdentityModel.Abstractions": "6.35.0"
        }
      },
      "Microsoft.Identity.Client.Extensions.Msal": {
        "type": "Transitive",
        "resolved": "4.76.0",
        "contentHash": "D0n3yMTa3gnDh1usrJmyxGWKYeqbQNCWLgQ0Tswf7S6nk9YobiCOX+M2V8EX5SPqkZxpwkTT6odAhaafu3TIeA==",
        "dependencies": {
          "Microsoft.Identity.Client": "4.76.0",
          "System.Security.Cryptography.ProtectedData": "4.5.0"
        }
      },
      "Microsoft.IdentityModel.Abstractions": {
        "type": "Transitive",
        "resolved": "6.35.0",
        "contentHash": "xuR8E4Rd96M41CnUSCiOJ2DBh+z+zQSmyrYHdYhD6K4fXBcQGVnRCFQ0efROUYpP+p0zC1BLKr0JRpVuujTZSg=="
      },
      "Microsoft.OpenApi": {
        "type": "Transitive",
        "resolved": "2.4.1",
        "contentHash": "u7QhXCISMQuab3flasb1hoaiERmUqyWsW7tmQODyILoQ7mJV5IRGM+2KKZYo0QUfC13evEOcHAb6TPWgqEQtrw=="
      },
      "MinVer": {
        "type": "Transitive",
        "resolved": "6.0.0",
        "contentHash": "+/SsmiySsXJlvQLCGBqaZKNVt3s/Y/HbAdwtop7Km2CnuZbaScoqkWJEBQ5Cy9ebkn6kCYKrHsXgwrFdTgcb3g=="
      },
      "NodaTime": {
        "type": "Transitive",
        "resolved": "3.2.3",
        "contentHash": "FNRoHeMMeF2BcFY95EnbB4BuPnG38Eb01+8j1l4atN0qdkxoGQtZMRqImd2YyUvjAoR82wp1H3cWFea4mpP1Hg=="
      },
      "Npgsql": {
        "type": "Transitive",
        "resolved": "10.0.0",
        "contentHash": "xZAYhPOU2rUIFpV48xsqhCx9vXs6Y+0jX2LCoSEfDFYMw9jtAOUk3iQsCnDLrFIv9NT3JGMihn7nnuZsPKqJmA=="
      },
      "Npgsql.DependencyInjection": {
        "type": "Transitive",
        "resolved": "10.0.0",
        "contentHash": "htuxMDQ7nHgadPxoO6XXVvSgYcVierLrhzOoamyUchvC4oHnYdD05zZ0dYsq80DN0vco9t/Vp+ZxYvnfJxbhIg==",
        "dependencies": {
          "Npgsql": "10.0.0"
        }
      },
      "Npgsql.OpenTelemetry": {
        "type": "Transitive",
        "resolved": "10.0.0",
        "contentHash": "eftmCZWng874x4iSfQyfF+PpnfA6hloHGQ3EzELVhRyPOEHcMygxSXhx4KI8HKu/Qg8uK1MF5tcwOVhwL7duJw==",
        "dependencies": {
          "Npgsql": "10.0.0",
          "OpenTelemetry.API": "1.14.0"
        }
      },
      "OpenTelemetry": {
        "type": "Transitive",
        "resolved": "1.15.0",
        "contentHash": "7mS/oZFF8S6xyqGQfMU1btp0nXJQUPWV535Vp/XMLYwRAUv36xQN+U4vufWBF1+z4HnRTOwuFHtUSGnHbyN6FQ==",
        "dependencies": {
          "OpenTelemetry.Api.ProviderBuilderExtensions": "1.15.0"
        }
      },
      "OpenTelemetry.Api": {
        "type": "Transitive",
        "resolved": "1.15.0",
        "contentHash": "vk5OGdf6K9kQScCWo3bRjhDWCv6Pqw92IpX4dlARZ8B1WL7/2NGTDtCkkw42eQf7UdwyoHKzVvMH/PtL8d6z7w=="
      },
      "OpenTelemetry.Api.ProviderBuilderExtensions": {
        "type": "Transitive",
        "resolved": "1.15.0",
        "contentHash": "OnuSUlRpGvowkOzGFQfy+KZFu0cITfKfh2IYJJiZskxVJiOuexwOOuvfDAgpJdmTzVWAHjYdz2shcHZaJ06UjQ==",
        "dependencies": {
          "OpenTelemetry.Api": "1.15.0"
        }
      },
      "Pipelines.Sockets.Unofficial": {
        "type": "Transitive",
        "resolved": "2.2.8",
        "contentHash": "zG2FApP5zxSx6OcdJQLbZDk2AVlN2BNQD6MorwIfV6gVj0RRxWPEp2LXAxqDGZqeNV1Zp0BNPcNaey/GXmTdvQ=="
      },
      "Polly.Core": {
        "type": "Transitive",
        "resolved": "8.4.2",
        "contentHash": "BpE2I6HBYYA5tF0Vn4eoQOGYTYIK1BlF5EXVgkWGn3mqUUjbXAr13J6fZVbp7Q3epRR8yshacBMlsHMhpOiV3g=="
      },
      "Polly.Extensions": {
        "type": "Transitive",
        "resolved": "8.4.2",
        "contentHash": "GZ9vRVmR0jV2JtZavt+pGUsQ1O1cuRKG7R7VOZI6ZDy9y6RNPvRvXK1tuS4ffUrv8L0FTea59oEuQzgS0R7zSA==",
        "dependencies": {
          "Polly.Core": "8.4.2"
        }
      },
      "Polly.RateLimiting": {
        "type": "Transitive",
        "resolved": "8.4.2",
        "contentHash": "ehTImQ/eUyO07VYW2WvwSmU9rRH200SKJ/3jku9rOkyWE0A2JxNFmAVms8dSn49QLSjmjFRRSgfNyOgr/2PSmA==",
        "dependencies": {
          "Polly.Core": "8.4.2"
        }
      },
      "StackExchange.Redis": {
        "type": "Transitive",
        "resolved": "2.9.32",
        "contentHash": "j5Rjbf7gWz5izrn0UWQy9RlQY4cQDPkwJfVqATnVsOa/+zzJrps12LOgacMsDl/Vit2f01cDiDkG/Rst8v2iGw==",
        "dependencies": {
          "Pipelines.Sockets.Unofficial": "2.2.8"
        }
      },
      "Swashbuckle.AspNetCore.Swagger": {
        "type": "Transitive",
        "resolved": "10.1.2",
        "contentHash": "CvIeWbEJ+pogj601pptQYzz3poZhS8/mk/vFozRQ74JckT3WWLGX1mFjNwNVdJOERf4Lk/clbFqfRG4WEvDGcw==",
        "dependencies": {
          "Microsoft.OpenApi": "2.4.1"
        }
      },
      "Swashbuckle.AspNetCore.SwaggerGen": {
        "type": "Transitive",
        "resolved": "10.1.2",
        "contentHash": "/gcOooF1cfmdvYU6wFiPB9On5CMUp2P/jrt2EFEoSG0p0xSALBdWoWy3eNHVmzXUlVHaGAg5PHFC6e8C+tVpWw==",
        "dependencies": {
          "Swashbuckle.AspNetCore.Swagger": "10.1.2"
        }
      },
      "Swashbuckle.AspNetCore.SwaggerUI": {
        "type": "Transitive",
        "resolved": "10.1.2",
        "contentHash": "Zzam+F/g3jpGvSLhqdtOoBe+GEABk+oi9LJxun1wrz52/254sSGWkz1P+U1dDifsXJWVdZusiRuDWLXkJW+7Eg=="
      },
      "System.ClientModel": {
        "type": "Transitive",
        "resolved": "1.8.0",
        "contentHash": "AqRzhn0v29GGGLj/Z6gKq4lGNtvPHT4nHdG5PDJh9IfVjv/nYUVmX11hwwws1vDFeIAzrvmn0dPu8IjLtu6fAw==",
        "dependencies": {
          "System.Memory.Data": "8.0.1"
        }
      },
      "System.IO.Hashing": {
        "type": "Transitive",
        "resolved": "9.0.10",
        "contentHash": "9gv5z71xaWWmcGEs4bXdreIhKp2kYLK2fvPK5gQkgnWMYvZ8ieaxKofDjxL3scZiEYfi/yW2nJTiKV2awcWEdA=="
      },
      "System.Memory.Data": {
        "type": "Transitive",
        "resolved": "8.0.1",
        "contentHash": "BVYuec3jV23EMRDeR7Dr1/qhx7369dZzJ9IWy2xylvb4YfXsrUxspWc4UWYid/tj4zZK58uGZqn2WQiaDMhmAg=="
      },
      "System.Security.Cryptography.ProtectedData": {
        "type": "Transitive",
        "resolved": "4.5.0",
        "contentHash": "wLBKzFnDCxP12VL9ANydSYhk59fC4cvOr9ypYQLPnAj48NQIhqnjdD2yhP8yEKyBJEjERWS9DisKL7rX5eU25Q=="
      },
      "tramtimes.aspire.services": {
        "type": "Project",
        "dependencies": {
          "Microsoft.Extensions.Http.Resilience": "[10.3.0, )",
          "Microsoft.Extensions.ServiceDiscovery": "[10.3.0, )",
          "OpenTelemetry.Exporter.OpenTelemetryProtocol": "[1.15.0, )",
          "OpenTelemetry.Extensions.Hosting": "[1.15.0, )",
          "OpenTelemetry.Instrumentation.AspNetCore": "[1.15.0, )",
          "OpenTelemetry.Instrumentation.Http": "[1.15.0, )",
          "OpenTelemetry.Instrumentation.Runtime": "[1.15.0, )"
        }
      },
      "tramtimes.web.utilities": {
        "type": "Project",
        "dependencies": {
          "JetBrains.Annotations": "[2025.2.4, )"
        }
      },
      "JetBrains.Annotations": {
        "type": "CentralTransitive",
        "requested": "[2025.2.4, )",
        "resolved": "2025.2.4",
        "contentHash": "TwbgxAkXxY+vNEhNVx/QXjJ4vqxmepOjsgRvvImQPbHkHMMb4W+ahL3laMsxXKtNT7iMy+E1B3xkqao2hf1n3A=="
      },
      "Microsoft.Extensions.Http.Resilience": {
        "type": "CentralTransitive",
        "requested": "[10.3.0, )",
        "resolved": "10.3.0",
        "contentHash": "P4+s/eUH3dZdn1HnivSL2dh6/Jb0ndLt2l88oQPZ9BYdyb4tSRAsnz4QkJHGfPA9lS/XblI5QYsxEdfkurPvIg==",
        "dependencies": {
          "Microsoft.Extensions.Http.Diagnostics": "10.3.0",
          "Microsoft.Extensions.Resilience": "10.3.0"
        }
      },
      "Microsoft.Extensions.ServiceDiscovery": {
        "type": "CentralTransitive",
        "requested": "[10.3.0, )",
        "resolved": "10.3.0",
        "contentHash": "C7onh6YDQKbZjKmAWEef1RDosjxPxA3PZdLob5lhS1AQuKgw0vTHnCKUA1KAhNlzhyfOPVP6tc0cLIPCDoBvoA==",
        "dependencies": {
          "Microsoft.Extensions.ServiceDiscovery.Abstractions": "10.3.0"
        }
      },
      "OpenTelemetry.Exporter.OpenTelemetryProtocol": {
        "type": "CentralTransitive",
        "requested": "[1.15.0, )",
        "resolved": "1.15.0",
        "contentHash": "VH8ANc/js9IRvfYt0Q2UaAxNCOWm+IU+vWrtoH7pfx4oWPVdISUt+9uWfBCFMWZg5WzQip5dhslyDjeyZXXfSQ==",
        "dependencies": {
          "OpenTelemetry": "1.15.0"
        }
      },
      "OpenTelemetry.Extensions.Hosting": {
        "type": "CentralTransitive",
        "requested": "[1.15.0, )",
        "resolved": "1.15.0",
        "contentHash": "RixjKyB1pbYGhWdvPto4KJs+exdQknJsnjUO9WszdLles5Vcd0EYzxPNJdwmLjYfP+Jfbr4B5nktM4ZgeHSWtg==",
        "dependencies": {
          "OpenTelemetry": "1.15.0"
        }
      },
      "OpenTelemetry.Instrumentation.AspNetCore": {
        "type": "CentralTransitive",
        "requested": "[1.15.0, )",
        "resolved": "1.15.0",
        "contentHash": "mte1nRYefxjed2syXgVWq3UCfMKO7MkebvTZmf0O1aLgVgCktLsVjQ6mftyjIbWGBBCHN0wg+Glxj8BSFS70pQ==",
        "dependencies": {
          "OpenTelemetry.Api.ProviderBuilderExtensions": "[1.15.0, 2.0.0)"
        }
      },
      "OpenTelemetry.Instrumentation.Http": {
        "type": "CentralTransitive",
        "requested": "[1.15.0, )",
        "resolved": "1.15.0",
        "contentHash": "uToc7bUp8IEdb0ny9mKsL6FrrYelINPzxxiSShJgOf4XmQc4Azww6S5RjRj24YhsOn2a1MABOrxfVTZXtDk4Eg==",
        "dependencies": {
          "OpenTelemetry.Api.ProviderBuilderExtensions": "[1.15.0, 2.0.0)"
        }
      },
      "OpenTelemetry.Instrumentation.Runtime": {
        "type": "CentralTransitive",
        "requested": "[1.15.0, )",
        "resolved": "1.15.0",
        "contentHash": "OOvpqR/j2Pb6+tWhHNODIbSJ53Or/MDtTiXEyrsWI02K2lLAgvBFcxUOrHggS/8015cYR3AdSaXv6NZrkz5yQA==",
        "dependencies": {
          "OpenTelemetry.Api": "[1.15.0, 2.0.0)"
        }
      }
    }
  }
}